# This file is automatically @generated by Poetry 1.8.3 and should not be changed by hand.

[[package]]
name = "clarabel"
version = "0.9.0"
description = "Clarabel Conic Interior Point Solver for Rust / Python"
optional = false
python-versions = ">=3.7"
files = [
    {file = "clarabel-0.9.0-cp37-abi3-macosx_10_12_x86_64.macosx_11_0_arm64.macosx_10_12_universal2.whl", hash = "sha256:702cc4666c0ccf893c936f9f1f55cbb3233ae2d5fa05f67b370ac3e7ec50f222"},
    {file = "clarabel-0.9.0-cp37-abi3-macosx_10_12_x86_64.whl", hash = "sha256:8ea616757b460153ead375b3dd3ce763d46fc3717248077bbfa7b2c844b1775f"},
    {file = "clarabel-0.9.0-cp37-abi3-manylinux_2_17_aarch64.manylinux2014_aarch64.whl", hash = "sha256:2b5ae16d7dd87aabf72260cf9590ba0d037c52d48555bcf3a86b1f0d9cf88dd4"},
    {file = "clarabel-0.9.0-cp37-abi3-manylinux_2_17_i686.manylinux2014_i686.whl", hash = "sha256:85cb560a5c4cdfb079e3437e21f0b62b69ba766ae082aeb96ced0b5763214077"},
    {file = "clarabel-0.9.0-cp37-abi3-manylinux_2_17_x86_64.manylinux2014_x86_64.whl", hash = "sha256:0eaeb3fbb5a90b598700d5435c7f102592a1a79ee25df5a097e0af575838786b"},
    {file = "clarabel-0.9.0-cp37-abi3-win32.whl", hash = "sha256:759c2fa0ccc61ae1a02691c43753638a0ae793bf1de81c6f6763c346789a7e25"},
    {file = "clarabel-0.9.0-cp37-abi3-win_amd64.whl", hash = "sha256:d24e4ed1b686eb2fe2a1b6e77935af6ad62a2c044131e70801ec1d3ef3d33280"},
    {file = "clarabel-0.9.0.tar.gz", hash = "sha256:0d6d3fe8800be5b4b5d40a8e14bd492667b3e46cc5dbe37677ce5ed25f0719d4"},
]

[package.dependencies]
numpy = "*"
scipy = "*"

[[package]]
name = "cvxpy"
version = "1.6.0"
description = "A domain-specific language for modeling convex optimization problems in Python."
optional = false
python-versions = ">=3.9"
files = [
    {file = "cvxpy-1.6.0-cp310-cp310-macosx_10_9_universal2.whl", hash = "sha256:45fa557789ff5d9ecdf88dee15c47dbd2f79fa47aa4d71e939126ad654e43484"},
    {file = "cvxpy-1.6.0-cp310-cp310-macosx_10_9_x86_64.whl", hash = "sha256:aaff709f5a12a5984b33303a0db5c129aeeba39c98001b630e6943d0cd5a53ed"},
    {file = "cvxpy-1.6.0-cp310-cp310-manylinux_2_17_aarch64.manylinux2014_aarch64.whl", hash = "sha256:376e43113f19c2e448b5a1fc06e276eae0952e398c6b76092b2fd21c8e14333f"},
    {file = "cvxpy-1.6.0-cp310-cp310-manylinux_2_17_x86_64.manylinux2014_x86_64.whl", hash = "sha256:32bbc9ad7c4423a68e8ec0ac7b59187937d0472e9a331e84c811c89c24799512"},
    {file = "cvxpy-1.6.0-cp310-cp310-win_amd64.whl", hash = "sha256:fe295d5eff0f7adab80fca54e2796da878827432f4f97f5d87e47208d52e0aab"},
    {file = "cvxpy-1.6.0-cp311-cp311-macosx_10_9_universal2.whl", hash = "sha256:99f3f72d84b6424dcbac582f9d50853ab0b473ef63087f1afefd0ddebd94999f"},
    {file = "cvxpy-1.6.0-cp311-cp311-macosx_10_9_x86_64.whl", hash = "sha256:5f8c2535541baca557a170a90fad5722f413f9898d3b6111f5f0d46707009b02"},
    {file = "cvxpy-1.6.0-cp311-cp311-manylinux_2_17_aarch64.manylinux2014_aarch64.whl", hash = "sha256:96de6ec5d2cb7ca2c2f767d8a8485ef9c7fb0269f5668d52210c8d7c32dda610"},
    {file = "cvxpy-1.6.0-cp311-cp311-manylinux_2_17_x86_64.manylinux2014_x86_64.whl", hash = "sha256:ccc3fc4a54126e90c858eee6d2d729afe954d9fab09d23ec92551728ce1e490c"},
    {file = "cvxpy-1.6.0-cp311-cp311-win_amd64.whl", hash = "sha256:94da5c6897db0718376153ac51a40d6cd6e33b4cc033d99783c506db794caeca"},
    {file = "cvxpy-1.6.0-cp312-cp312-macosx_10_13_universal2.whl", hash = "sha256:3ad0a0928dbd051d3e3b34bf76b078ee3e3b3b3418a86e406c048f9c06196ffa"},
    {file = "cvxpy-1.6.0-cp312-cp312-macosx_10_13_x86_64.whl", hash = "sha256:bc013ce8f868c2c25917a79c33e78ca6da7e9f4a498a35c3172a57a5d2626851"},
    {file = "cvxpy-1.6.0-cp312-cp312-manylinux_2_17_aarch64.manylinux2014_aarch64.whl", hash = "sha256:8a4305e85cc4c916a560818f03fe61521492c7cd4d43783e9e8713ed9dd6854d"},
    {file = "cvxpy-1.6.0-cp312-cp312-manylinux_2_17_x86_64.manylinux2014_x86_64.whl", hash = "sha256:12067d6a540037c0bf2d936961b84482002a231f37a994b5c9adff71360ba7a2"},
    {file = "cvxpy-1.6.0-cp312-cp312-win_amd64.whl", hash = "sha256:ca12f4045e6118a296e2fdbc451d4fa5f4c3bb1f4e8a770e5065b070144b9342"},
    {file = "cvxpy-1.6.0-cp313-cp313-macosx_10_13_universal2.whl", hash = "sha256:1f0fcf10d3d85e0e4828197348426ca49403c637cc7f19d68a2a2bd0ecf08b7e"},
    {file = "cvxpy-1.6.0-cp313-cp313-macosx_10_13_x86_64.whl", hash = "sha256:52412e4af1137ce8fb4ae927b2cffb00d71ece2ace1c9fa784827a3672b22fff"},
    {file = "cvxpy-1.6.0-cp313-cp313-manylinux_2_17_aarch64.manylinux2014_aarch64.whl", hash = "sha256:9cee9e376a45b9b0d7f20ec4ef380102cb960d496e074f49e596a0415c01dc00"},
    {file = "cvxpy-1.6.0-cp313-cp313-manylinux_2_17_x86_64.manylinux2014_x86_64.whl", hash = "sha256:6df39b5b5d0400b2edacdf784f42459237e956ba4a844d7ee33acc6af2a91709"},
    {file = "cvxpy-1.6.0-cp313-cp313-win_amd64.whl", hash = "sha256:d4a368defabbe07188c061865851075a38632aadbdc09b587b86fdbea215b79e"},
    {file = "cvxpy-1.6.0-cp39-cp39-macosx_10_9_universal2.whl", hash = "sha256:6be5987555efcedce8f3cf52a2c56204927b370fb9bd2be81b3126c68fc5130c"},
    {file = "cvxpy-1.6.0-cp39-cp39-macosx_10_9_x86_64.whl", hash = "sha256:2f1ca20b753eb96e2e2d410d7735191cddf7f9a81944161e7f203ecf966166c4"},
    {file = "cvxpy-1.6.0-cp39-cp39-manylinux_2_17_aarch64.manylinux2014_aarch64.whl", hash = "sha256:ed19c2ee4d874241217a5205af0b002dfe4f60f4a193518579f71260c1ef3343"},
    {file = "cvxpy-1.6.0-cp39-cp39-manylinux_2_17_x86_64.manylinux2014_x86_64.whl", hash = "sha256:d8b83be26ac70f8ce961386389e7f56a3c1a18bb524fae38b10b3041348810a6"},
    {file = "cvxpy-1.6.0-cp39-cp39-win_amd64.whl", hash = "sha256:1ce23246463a61478190ba5c5b6e5c22d52b06afd1875d28214925a49abec1ad"},
    {file = "cvxpy-1.6.0.tar.gz", hash = "sha256:679a9531877dfe0e2defabe106bc62a3e7ea094a7fcfcb797e121127ff8ff39a"},
]

[package.dependencies]
clarabel = ">=0.5.0"
numpy = ">=1.20"
osqp = ">=0.6.2"
scipy = ">=1.1.0"
scs = ">=3.2.4.post1"

[package.extras]
cbc = ["cylp (>=0.91.5)"]
cvxopt = ["cvxopt"]
daqp = ["daqp"]
diffcp = ["diffcp"]
doc = ["sphinx", "sphinx-design", "sphinx-immaterial (>=0.11.7)", "sphinx-inline-tabs", "sphinxcontrib.jquery"]
ecos = ["ecos"]
ecos-bb = ["ecos"]
glop = ["ortools (>=9.7,<9.10)"]
glpk = ["cvxopt"]
glpk-mi = ["cvxopt"]
gurobi = ["gurobipy"]
highs = ["highspy"]
mosek = ["Mosek"]
pdlp = ["ortools (>=9.7,<9.10)"]
piqp = ["piqp"]
proxqp = ["proxsuite"]
scip = ["PySCIPOpt"]
scipy = ["scipy"]
scs = ["setuptools (>65.5.1)"]
testing = ["hypothesis", "pytest"]
xpress = ["xpress"]

[[package]]
name = "numpy"
version = "2.2.1"
description = "Fundamental package for array computing in Python"
optional = false
python-versions = ">=3.10"
files = [
    {file = "numpy-2.2.1-cp310-cp310-macosx_10_9_x86_64.whl", hash = "sha256:5edb4e4caf751c1518e6a26a83501fda79bff41cc59dac48d70e6d65d4ec4440"},
    {file = "numpy-2.2.1-cp310-cp310-macosx_11_0_arm64.whl", hash = "sha256:aa3017c40d513ccac9621a2364f939d39e550c542eb2a894b4c8da92b38896ab"},
    {file = "numpy-2.2.1-cp310-cp310-macosx_14_0_arm64.whl", hash = "sha256:61048b4a49b1c93fe13426e04e04fdf5a03f456616f6e98c7576144677598675"},
    {file = "numpy-2.2.1-cp310-cp310-macosx_14_0_x86_64.whl", hash = "sha256:7671dc19c7019103ca44e8d94917eba8534c76133523ca8406822efdd19c9308"},
    {file = "numpy-2.2.1-cp310-cp310-manylinux_2_17_aarch64.manylinux2014_aarch64.whl", hash = "sha256:4250888bcb96617e00bfa28ac24850a83c9f3a16db471eca2ee1f1714df0f957"},
    {file = "numpy-2.2.1-cp310-cp310-manylinux_2_17_x86_64.manylinux2014_x86_64.whl", hash = "sha256:a7746f235c47abc72b102d3bce9977714c2444bdfaea7888d241b4c4bb6a78bf"},
    {file = "numpy-2.2.1-cp310-cp310-musllinux_1_2_aarch64.whl", hash = "sha256:059e6a747ae84fce488c3ee397cee7e5f905fd1bda5fb18c66bc41807ff119b2"},
    {file = "numpy-2.2.1-cp310-cp310-musllinux_1_2_x86_64.whl", hash = "sha256:f62aa6ee4eb43b024b0e5a01cf65a0bb078ef8c395e8713c6e8a12a697144528"},
    {file = "numpy-2.2.1-cp310-cp310-win32.whl", hash = "sha256:48fd472630715e1c1c89bf1feab55c29098cb403cc184b4859f9c86d4fcb6a95"},
    {file = "numpy-2.2.1-cp310-cp310-win_amd64.whl", hash = "sha256:b541032178a718c165a49638d28272b771053f628382d5e9d1c93df23ff58dbf"},
    {file = "numpy-2.2.1-cp311-cp311-macosx_10_9_x86_64.whl", hash = "sha256:40f9e544c1c56ba8f1cf7686a8c9b5bb249e665d40d626a23899ba6d5d9e1484"},
    {file = "numpy-2.2.1-cp311-cp311-macosx_11_0_arm64.whl", hash = "sha256:f9b57eaa3b0cd8db52049ed0330747b0364e899e8a606a624813452b8203d5f7"},
    {file = "numpy-2.2.1-cp311-cp311-macosx_14_0_arm64.whl", hash = "sha256:bc8a37ad5b22c08e2dbd27df2b3ef7e5c0864235805b1e718a235bcb200cf1cb"},
    {file = "numpy-2.2.1-cp311-cp311-macosx_14_0_x86_64.whl", hash = "sha256:9036d6365d13b6cbe8f27a0eaf73ddcc070cae584e5ff94bb45e3e9d729feab5"},
    {file = "numpy-2.2.1-cp311-cp311-manylinux_2_17_aarch64.manylinux2014_aarch64.whl", hash = "sha256:51faf345324db860b515d3f364eaa93d0e0551a88d6218a7d61286554d190d73"},
    {file = "numpy-2.2.1-cp311-cp311-manylinux_2_17_x86_64.manylinux2014_x86_64.whl", hash = "sha256:38efc1e56b73cc9b182fe55e56e63b044dd26a72128fd2fbd502f75555d92591"},
    {file = "numpy-2.2.1-cp311-cp311-musllinux_1_2_aarch64.whl", hash = "sha256:31b89fa67a8042e96715c68e071a1200c4e172f93b0fbe01a14c0ff3ff820fc8"},
    {file = "numpy-2.2.1-cp311-cp311-musllinux_1_2_x86_64.whl", hash = "sha256:4c86e2a209199ead7ee0af65e1d9992d1dce7e1f63c4b9a616500f93820658d0"},
    {file = "numpy-2.2.1-cp311-cp311-win32.whl", hash = "sha256:b34d87e8a3090ea626003f87f9392b3929a7bbf4104a05b6667348b6bd4bf1cd"},
    {file = "numpy-2.2.1-cp311-cp311-win_amd64.whl", hash = "sha256:360137f8fb1b753c5cde3ac388597ad680eccbbbb3865ab65efea062c4a1fd16"},
    {file = "numpy-2.2.1-cp312-cp312-macosx_10_13_x86_64.whl", hash = "sha256:694f9e921a0c8f252980e85bce61ebbd07ed2b7d4fa72d0e4246f2f8aa6642ab"},
    {file = "numpy-2.2.1-cp312-cp312-macosx_11_0_arm64.whl", hash = "sha256:3683a8d166f2692664262fd4900f207791d005fb088d7fdb973cc8d663626faa"},
    {file = "numpy-2.2.1-cp312-cp312-macosx_14_0_arm64.whl", hash = "sha256:780077d95eafc2ccc3ced969db22377b3864e5b9a0ea5eb347cc93b3ea900315"},
    {file = "numpy-2.2.1-cp312-cp312-macosx_14_0_x86_64.whl", hash = "sha256:55ba24ebe208344aa7a00e4482f65742969a039c2acfcb910bc6fcd776eb4355"},
    {file = "numpy-2.2.1-cp312-cp312-manylinux_2_17_aarch64.manylinux2014_aarch64.whl", hash = "sha256:9b1d07b53b78bf84a96898c1bc139ad7f10fda7423f5fd158fd0f47ec5e01ac7"},
    {file = "numpy-2.2.1-cp312-cp312-manylinux_2_17_x86_64.manylinux2014_x86_64.whl", hash = "sha256:5062dc1a4e32a10dc2b8b13cedd58988261416e811c1dc4dbdea4f57eea61b0d"},
    {file = "numpy-2.2.1-cp312-cp312-musllinux_1_2_aarch64.whl", hash = "sha256:fce4f615f8ca31b2e61aa0eb5865a21e14f5629515c9151850aa936c02a1ee51"},
    {file = "numpy-2.2.1-cp312-cp312-musllinux_1_2_x86_64.whl", hash = "sha256:67d4cda6fa6ffa073b08c8372aa5fa767ceb10c9a0587c707505a6d426f4e046"},
    {file = "numpy-2.2.1-cp312-cp312-win32.whl", hash = "sha256:32cb94448be47c500d2c7a95f93e2f21a01f1fd05dd2beea1ccd049bb6001cd2"},
    {file = "numpy-2.2.1-cp312-cp312-win_amd64.whl", hash = "sha256:ba5511d8f31c033a5fcbda22dd5c813630af98c70b2661f2d2c654ae3cdfcfc8"},
    {file = "numpy-2.2.1-cp313-cp313-macosx_10_13_x86_64.whl", hash = "sha256:f1d09e520217618e76396377c81fba6f290d5f926f50c35f3a5f72b01a0da780"},
    {file = "numpy-2.2.1-cp313-cp313-macosx_11_0_arm64.whl", hash = "sha256:3ecc47cd7f6ea0336042be87d9e7da378e5c7e9b3c8ad0f7c966f714fc10d821"},
    {file = "numpy-2.2.1-cp313-cp313-macosx_14_0_arm64.whl", hash = "sha256:f419290bc8968a46c4933158c91a0012b7a99bb2e465d5ef5293879742f8797e"},
    {file = "numpy-2.2.1-cp313-cp313-macosx_14_0_x86_64.whl", hash = "sha256:5b6c390bfaef8c45a260554888966618328d30e72173697e5cabe6b285fb2348"},
    {file = "numpy-2.2.1-cp313-cp313-manylinux_2_17_aarch64.manylinux2014_aarch64.whl", hash = "sha256:526fc406ab991a340744aad7e25251dd47a6720a685fa3331e5c59fef5282a59"},
    {file = "numpy-2.2.1-cp313-cp313-manylinux_2_17_x86_64.manylinux2014_x86_64.whl", hash = "sha256:f74e6fdeb9a265624ec3a3918430205dff1df7e95a230779746a6af78bc615af"},
    {file = "numpy-2.2.1-cp313-cp313-musllinux_1_2_aarch64.whl", hash = "sha256:53c09385ff0b72ba79d8715683c1168c12e0b6e84fb0372e97553d1ea91efe51"},
    {file = "numpy-2.2.1-cp313-cp313-musllinux_1_2_x86_64.whl", hash = "sha256:f3eac17d9ec51be534685ba877b6ab5edc3ab7ec95c8f163e5d7b39859524716"},
    {file = "numpy-2.2.1-cp313-cp313-win32.whl", hash = "sha256:9ad014faa93dbb52c80d8f4d3dcf855865c876c9660cb9bd7553843dd03a4b1e"},
    {file = "numpy-2.2.1-cp313-cp313-win_amd64.whl", hash = "sha256:164a829b6aacf79ca47ba4814b130c4020b202522a93d7bff2202bfb33b61c60"},
    {file = "numpy-2.2.1-cp313-cp313t-macosx_10_13_x86_64.whl", hash = "sha256:4dfda918a13cc4f81e9118dea249e192ab167a0bb1966272d5503e39234d694e"},
    {file = "numpy-2.2.1-cp313-cp313t-macosx_11_0_arm64.whl", hash = "sha256:733585f9f4b62e9b3528dd1070ec4f52b8acf64215b60a845fa13ebd73cd0712"},
    {file = "numpy-2.2.1-cp313-cp313t-macosx_14_0_arm64.whl", hash = "sha256:89b16a18e7bba224ce5114db863e7029803c179979e1af6ad6a6b11f70545008"},
    {file = "numpy-2.2.1-cp313-cp313t-macosx_14_0_x86_64.whl", hash = "sha256:676f4eebf6b2d430300f1f4f4c2461685f8269f94c89698d832cdf9277f30b84"},
    {file = "numpy-2.2.1-cp313-cp313t-manylinux_2_17_aarch64.manylinux2014_aarch64.whl", hash = "sha256:27f5cdf9f493b35f7e41e8368e7d7b4bbafaf9660cba53fb21d2cd174ec09631"},
    {file = "numpy-2.2.1-cp313-cp313t-manylinux_2_17_x86_64.manylinux2014_x86_64.whl", hash = "sha256:c1ad395cf254c4fbb5b2132fee391f361a6e8c1adbd28f2cd8e79308a615fe9d"},
    {file = "numpy-2.2.1-cp313-cp313t-musllinux_1_2_aarch64.whl", hash = "sha256:08ef779aed40dbc52729d6ffe7dd51df85796a702afbf68a4f4e41fafdc8bda5"},
    {file = "numpy-2.2.1-cp313-cp313t-musllinux_1_2_x86_64.whl", hash = "sha256:26c9c4382b19fcfbbed3238a14abf7ff223890ea1936b8890f058e7ba35e8d71"},
    {file = "numpy-2.2.1-cp313-cp313t-win32.whl", hash = "sha256:93cf4e045bae74c90ca833cba583c14b62cb4ba2cba0abd2b141ab52548247e2"},
    {file = "numpy-2.2.1-cp313-cp313t-win_amd64.whl", hash = "sha256:bff7d8ec20f5f42607599f9994770fa65d76edca264a87b5e4ea5629bce12268"},
    {file = "numpy-2.2.1-pp310-pypy310_pp73-macosx_10_15_x86_64.whl", hash = "sha256:7ba9cc93a91d86365a5d270dee221fdc04fb68d7478e6bf6af650de78a8339e3"},
    {file = "numpy-2.2.1-pp310-pypy310_pp73-macosx_14_0_x86_64.whl", hash = "sha256:3d03883435a19794e41f147612a77a8f56d4e52822337844fff3d4040a142964"},
    {file = "numpy-2.2.1-pp310-pypy310_pp73-manylinux_2_17_x86_64.manylinux2014_x86_64.whl", hash = "sha256:4511d9e6071452b944207c8ce46ad2f897307910b402ea5fa975da32e0102800"},
    {file = "numpy-2.2.1-pp310-pypy310_pp73-win_amd64.whl", hash = "sha256:5c5cc0cbabe9452038ed984d05ac87910f89370b9242371bd9079cb4af61811e"},
    {file = "numpy-2.2.1.tar.gz", hash = "sha256:45681fd7128c8ad1c379f0ca0776a8b0c6583d2f69889ddac01559dfe4390918"},
]

[[package]]
name = "osqp"
version = "0.6.7.post3"
description = "OSQP: The Operator Splitting QP Solver"
optional = false
python-versions = "*"
files = [
    {file = "osqp-0.6.7.post3-cp310-cp310-macosx_10_9_x86_64.whl", hash = "sha256:f751ca1332b480753cfe3c08bf14ca66259bf69679b572e1f8095ad3e26b201d"},
    {file = "osqp-0.6.7.post3-cp310-cp310-macosx_11_0_arm64.whl", hash = "sha256:a1b30df65f2d938452e3bd2ca11388b5b16ec7406daedfc4b9dce3747c282e44"},
    {file = "osqp-0.6.7.post3-cp310-cp310-manylinux_2_17_aarch64.manylinux2014_aarch64.whl", hash = "sha256:6e1c4550853a5f1e0a90ae7ccbee1cb990f34f98514911955ad14841613110dd"},
    {file = "osqp-0.6.7.post3-cp310-cp310-manylinux_2_5_x86_64.manylinux1_x86_64.manylinux_2_17_x86_64.manylinux2014_x86_64.whl", hash = "sha256:e0cce816af77b28fc5eff1a4e6d8d25d0653f48275e6e2814bd5f1767181e715"},
    {file = "osqp-0.6.7.post3-cp310-cp310-win_amd64.whl", hash = "sha256:78a1d63b36876996a7125e061145280949334d667060a20895c5d1f183c70242"},
    {file = "osqp-0.6.7.post3-cp311-cp311-macosx_10_9_x86_64.whl", hash = "sha256:b1a1dcd869fd6ac501e06262c21483a3691b6281e4f3f65af6951330958b89ca"},
    {file = "osqp-0.6.7.post3-cp311-cp311-macosx_11_0_arm64.whl", hash = "sha256:46b93d1110dc0ad311f6691c4df9ee41cbbde5ffc0d8c8d520d4555bf5d8765b"},
    {file = "osqp-0.6.7.post3-cp311-cp311-manylinux_2_17_aarch64.manylinux2014_aarch64.whl", hash = "sha256:5209104d6fe3ace4fdbf9ace08caa2cba9de1e7ccd5f56279a346c235917138b"},
    {file = "osqp-0.6.7.post3-cp311-cp311-manylinux_2_5_x86_64.manylinux1_x86_64.manylinux_2_17_x86_64.manylinux2014_x86_64.whl", hash = "sha256:fdfefa07740e9fb1c574cdc836e5afe2600b73c0c12089955d4ae6587c55f0eb"},
    {file = "osqp-0.6.7.post3-cp311-cp311-win_amd64.whl", hash = "sha256:c48c91dfba02ce11e8b8f5d401ec5b67a316782bfdf4f53ca753e49907f7387f"},
    {file = "osqp-0.6.7.post3-cp312-cp312-macosx_10_13_x86_64.whl", hash = "sha256:023af06764f7aba9c64536ecb7204019906bb7e78237f335f82b404f16623eef"},
    {file = "osqp-0.6.7.post3-cp312-cp312-macosx_11_0_arm64.whl", hash = "sha256:4cec7cb5bf1615c4129277275dc08e20a037372a874cff35eb891b4b35a463de"},
    {file = "osqp-0.6.7.post3-cp312-cp312-manylinux_2_17_aarch64.manylinux2014_aarch64.whl", hash = "sha256:eb882ab24b97b14843b7c71d2474fb8b415bafc8dd60aa94870c2ef338c20bfb"},
    {file = "osqp-0.6.7.post3-cp312-cp312-manylinux_2_5_x86_64.manylinux1_x86_64.manylinux_2_17_x86_64.manylinux2014_x86_64.whl", hash = "sha256:502fde0ae710cef1e6418fb8d26efef9597d1dcba877489a1c2eb9c3eb2ff2e9"},
    {file = "osqp-0.6.7.post3-cp312-cp312-win_amd64.whl", hash = "sha256:468588cfb690becba4d1f460c2a53e75530584e3efcf2caed59f5219032e6888"},
    {file = "osqp-0.6.7.post3-cp313-cp313-macosx_10_13_x86_64.whl", hash = "sha256:cee478eedf9cfad11ff9c27ef0b1e032506a16888b8b874f622816cf8749db7f"},
    {file = "osqp-0.6.7.post3-cp313-cp313-macosx_11_0_arm64.whl", hash = "sha256:5dd739c4c6c91e40d2e3ea2bb78c635c897e07697ab24a46d3a5d197e254b0f3"},
    {file = "osqp-0.6.7.post3-cp313-cp313-manylinux_2_17_aarch64.manylinux2014_aarch64.whl", hash = "sha256:002f280f23d15ad3c6386a868688f0b17c90dba13d0f7f8da1c833a14fc4d7f8"},
    {file = "osqp-0.6.7.post3-cp313-cp313-manylinux_2_5_x86_64.manylinux1_x86_64.manylinux_2_17_x86_64.manylinux2014_x86_64.whl", hash = "sha256:1a2922fe8cb666964cf01b643da81eadf4bb435139a5f042d5bb6dcb87496778"},
    {file = "osqp-0.6.7.post3-cp313-cp313-win_amd64.whl", hash = "sha256:acb219e941f5248da5de3ee9b70e6a5aaddf5f3989dffd1d4c03b0f7b1dfa17b"},
    {file = "osqp-0.6.7.post3-cp36-cp36m-macosx_10_9_x86_64.whl", hash = "sha256:d12757f9594f87219820aa7ae06ce7800fef9ea52828b7d1970016d6c9749b5f"},
    {file = "osqp-0.6.7.post3-cp36-cp36m-manylinux_2_17_aarch64.manylinux2014_aarch64.whl", hash = "sha256:565205e0dbe5b6ac1dcd7eee8d2e9c4ba5d88b7aaaa522140cdb7d197a9275bb"},
    {file = "osqp-0.6.7.post3-cp36-cp36m-manylinux_2_5_x86_64.manylinux1_x86_64.manylinux_2_17_x86_64.manylinux2014_x86_64.whl", hash = "sha256:34974c8441260e8952f63a17b0461da9b554a3ed9122042dd0f2e0a4c19e9732"},
    {file = "osqp-0.6.7.post3-cp36-cp36m-win_amd64.whl", hash = "sha256:01d99ced6f43d0d10fa0f01631c5b0a27aca44a5e4743b7ce9a174fcfebfde6e"},
    {file = "osqp-0.6.7.post3-cp37-cp37m-macosx_10_9_x86_64.whl", hash = "sha256:d54837f762b17cb77aa16be3e85cc424cb93fd4ec84f5cbb14f9c0520191fecf"},
    {file = "osqp-0.6.7.post3-cp37-cp37m-manylinux_2_17_aarch64.manylinux2014_aarch64.whl", hash = "sha256:4c353997ebe57cd8252bd5d7100d997086ab0524b946dc49a4e4d4a774752ee9"},
    {file = "osqp-0.6.7.post3-cp37-cp37m-manylinux_2_5_x86_64.manylinux1_x86_64.manylinux_2_17_x86_64.manylinux2014_x86_64.whl", hash = "sha256:30c37552731443295b629999c6d100f76310a2cd368503095af6165e2f52993d"},
    {file = "osqp-0.6.7.post3-cp37-cp37m-win_amd64.whl", hash = "sha256:2c3c31712c60d0421178040a6ee9644318fb579bd83375af4ffd9d5d7c9d2d2e"},
    {file = "osqp-0.6.7.post3-cp38-cp38-macosx_10_9_x86_64.whl", hash = "sha256:eb3c73386d18be58097115f5f8623860d5736c5b956eb54e492b91380cab549e"},
    {file = "osqp-0.6.7.post3-cp38-cp38-macosx_11_0_arm64.whl", hash = "sha256:27396891b4c52baae44d9aef4ad2abf7da9a19946c5cbdd163f96a55de02515f"},
    {file = "osqp-0.6.7.post3-cp38-cp38-manylinux_2_17_aarch64.manylinux2014_aarch64.whl", hash = "sha256:bb39a937c5fbfe935cebc21c9ef51434cabe5a6f415a775b8a0939c39aa31671"},
    {file = "osqp-0.6.7.post3-cp38-cp38-manylinux_2_5_x86_64.manylinux1_x86_64.manylinux_2_17_x86_64.manylinux2014_x86_64.whl", hash = "sha256:204857fdd4100ad0d487cac4e9c1698843440ec49c1d49b03aa369588cd2db65"},
    {file = "osqp-0.6.7.post3-cp38-cp38-win_amd64.whl", hash = "sha256:4981c0f2b28bce3731d614953da11b4dd30106ea3e4d7d0a5f7dd3a93270934a"},
    {file = "osqp-0.6.7.post3-cp39-cp39-macosx_10_9_x86_64.whl", hash = "sha256:21e605e3ec1547a23be16ea52ade3157d4e2e7935472dd9c0c089a9c6b3463be"},
    {file = "osqp-0.6.7.post3-cp39-cp39-macosx_11_0_arm64.whl", hash = "sha256:82f14aaf099be0888b47e50699006c16107b30f53a7bc27070075d56d23c822c"},
    {file = "osqp-0.6.7.post3-cp39-cp39-manylinux_2_17_aarch64.manylinux2014_aarch64.whl", hash = "sha256:7938f6e4fe2b8b9737b4b7b0dda48bf0f11c14104b79c07ce0b1fe475f4e1308"},
    {file = "osqp-0.6.7.post3-cp39-cp39-manylinux_2_5_x86_64.manylinux1_x86_64.manylinux_2_17_x86_64.manylinux2014_x86_64.whl", hash = "sha256:298617772814480fce4610ea1f3abac3deac3ffdc978b0df4916f1021d128c66"},
    {file = "osqp-0.6.7.post3-cp39-cp39-win_amd64.whl", hash = "sha256:894e65b8e4c81f0ef069af6b2ec398881aafe4dd265869b1647ee18a2a9393b1"},
    {file = "osqp-0.6.7.post3.tar.gz", hash = "sha256:b0c5e0a721f21c9724097a4fd50108304d296468d124e16f34ac67046f7020e1"},
]

[package.dependencies]
numpy = ">=1.7"
qdldl = "*"
scipy = ">=0.13.2"

[package.extras]
dev = ["scipy (!=1.12.0)"]

[[package]]
name = "qdldl"
version = "0.1.7.post5"
description = "QDLDL, a free LDL factorization routine."
optional = false
python-versions = "*"
files = [
    {file = "qdldl-0.1.7.post5-cp310-cp310-macosx_10_9_x86_64.whl", hash = "sha256:882658853edd24a7d16912af29e77320e061b150b4ed7cf94fd01907f2e925b4"},
    {file = "qdldl-0.1.7.post5-cp310-cp310-macosx_11_0_arm64.whl", hash = "sha256:e30a80d71ab5889a1e169304b12bc3ab69210775f6428153873584ff8dfb50e5"},
    {file = "qdldl-0.1.7.post5-cp310-cp310-manylinux_2_17_aarch64.manylinux2014_aarch64.whl", hash = "sha256:3640594ea643e4b2c2b40a6f21ad7a6c5bdfaaf5f13a5256538b631d474d7b77"},
    {file = "qdldl-0.1.7.post5-cp310-cp310-manylinux_2_17_x86_64.manylinux2014_x86_64.whl", hash = "sha256:ba00c93f547eff8aa13af300c7b7573b27caf30209b25ec8f16f2ff810b9653f"},
    {file = "qdldl-0.1.7.post5-cp310-cp310-win_amd64.whl", hash = "sha256:66c5e0e9175dd0c2a511b4dc9e0ee106ababc5e4e05ef8107598f14e346c5632"},
    {file = "qdldl-0.1.7.post5-cp311-cp311-macosx_10_9_x86_64.whl", hash = "sha256:aa22df45e625c763d129b2893b284b7bde16a535a7e900288d588be9dc24fe9f"},
    {file = "qdldl-0.1.7.post5-cp311-cp311-macosx_11_0_arm64.whl", hash = "sha256:7e196871dafe4febb86c2886713c8a2226d19455226e56e3b9480aa78eb59b5e"},
    {file = "qdldl-0.1.7.post5-cp311-cp311-manylinux_2_17_aarch64.manylinux2014_aarch64.whl", hash = "sha256:4ba5ff31a66d1f92b41d0b97d27288d28a8c849dd6db2221a579b1a5a5a6df0f"},
    {file = "qdldl-0.1.7.post5-cp311-cp311-manylinux_2_17_x86_64.manylinux2014_x86_64.whl", hash = "sha256:c34872867c2bcac60279034594eac8dee042b9dedd4c45948e55884b8c5c9cd0"},
    {file = "qdldl-0.1.7.post5-cp311-cp311-win_amd64.whl", hash = "sha256:b1280e886f734e3d0d67f643e3d76c55d2e23d0e7b06d89b987681dc165892c5"},
    {file = "qdldl-0.1.7.post5-cp312-cp312-macosx_10_13_x86_64.whl", hash = "sha256:d67a95d0ba73147a05cf98dc9284103f64150c9e2c214cd35ee0258f06922c5e"},
    {file = "qdldl-0.1.7.post5-cp312-cp312-macosx_11_0_arm64.whl", hash = "sha256:2e23d684427ce49f5d657e353322363555d1a31605fe72cbe4b965a4e260742c"},
    {file = "qdldl-0.1.7.post5-cp312-cp312-manylinux_2_17_aarch64.manylinux2014_aarch64.whl", hash = "sha256:8c4953d4fe61951fb515a6439009248b5a7b73627d74ee929d02b19bea41b19d"},
    {file = "qdldl-0.1.7.post5-cp312-cp312-manylinux_2_17_x86_64.manylinux2014_x86_64.whl", hash = "sha256:520dbe4006a333c773ff474d2dc1e0af928c0dc7d9ca36db5637ba738ee608ba"},
    {file = "qdldl-0.1.7.post5-cp312-cp312-win_amd64.whl", hash = "sha256:13dfc0b225a5c180512488fa51f1771e8fa3c06d7fce9fd3c1d018bc03ba0eec"},
    {file = "qdldl-0.1.7.post5-cp313-cp313-macosx_10_13_x86_64.whl", hash = "sha256:7600985d2321cb15f71f8bb3a92ef2a85284b4fd740d8bbd4960b8c2f7ee6d33"},
    {file = "qdldl-0.1.7.post5-cp313-cp313-macosx_11_0_arm64.whl", hash = "sha256:314153f574641c846a85ff9b4a5c0e0d23e32d0de11d8381866bb27577088bef"},
    {file = "qdldl-0.1.7.post5-cp313-cp313-manylinux_2_17_aarch64.manylinux2014_aarch64.whl", hash = "sha256:42b1ee3840d7d8ef4f1e3ffce0620116a71abd72c52ba46e0c194d4b294a0ad2"},
    {file = "qdldl-0.1.7.post5-cp313-cp313-manylinux_2_17_x86_64.manylinux2014_x86_64.whl", hash = "sha256:cba6df1eedbaea844485e1c7a6ae9013bbdc86f07c4ebb13c89249b003de4ef4"},
    {file = "qdldl-0.1.7.post5-cp313-cp313-win_amd64.whl", hash = "sha256:cc9be378e7bec67d4c62b7fa27cafb4f77d3e5e059d753c3dce0a5ae1ef5fea0"},
    {file = "qdldl-0.1.7.post5-cp36-cp36m-macosx_10_9_x86_64.whl", hash = "sha256:f25708dde1978aaec11fc161040230c007d81d4a7528c279f6045bd692bd7ea7"},
    {file = "qdldl-0.1.7.post5-cp36-cp36m-manylinux_2_17_aarch64.manylinux2014_aarch64.whl", hash = "sha256:08c191fc6b595b5b31c5ee3b30277e77dd0e4cfc7cd452d76acb564b8342d8f5"},
    {file = "qdldl-0.1.7.post5-cp36-cp36m-manylinux_2_17_x86_64.manylinux2014_x86_64.whl", hash = "sha256:3373b02e31965a6032a6a96992737ce1986911758d96338633ebc72bdd01a216"},
    {file = "qdldl-0.1.7.post5-cp36-cp36m-win_amd64.whl", hash = "sha256:c7db6c8426cd5bbe6dc88d6a8e4f76de01309315aa3d9f57ed03549bb8671c48"},
    {file = "qdldl-0.1.7.post5-cp37-cp37m-macosx_10_9_x86_64.whl", hash = "sha256:20ba0aa2e4f15c3708125493610377920132ab4542d0a6e02b190a7134ccbf3b"},
    {file = "qdldl-0.1.7.post5-cp37-cp37m-manylinux_2_17_aarch64.manylinux2014_aarch64.whl", hash = "sha256:6da81b4799dfe95ed4b17aab05777e2385417e60dfe684930b7c3c1a89502934"},
    {file = "qdldl-0.1.7.post5-cp37-cp37m-manylinux_2_17_x86_64.manylinux2014_x86_64.whl", hash = "sha256:c78bcb478ff9a791e8125685a6e0ebe666e3d75e33e84ba6ac90de182b85032e"},
    {file = "qdldl-0.1.7.post5-cp37-cp37m-win_amd64.whl", hash = "sha256:c082c39c28def441d59812f88e7a6d2c96179bcf045a5e444aa32f49a7422284"},
    {file = "qdldl-0.1.7.post5-cp38-cp38-macosx_10_9_x86_64.whl", hash = "sha256:5e4d995569dd004729a9fc11b005be0051815acb60cec3f96615ac57353fcfb6"},
    {file = "qdldl-0.1.7.post5-cp38-cp38-macosx_11_0_arm64.whl", hash = "sha256:f03dc5c21deeb111b8585dc4dfba0015ef4d1c7d21267e8f3beb7383229cd1cb"},
    {file = "qdldl-0.1.7.post5-cp38-cp38-manylinux_2_17_aarch64.manylinux2014_aarch64.whl", hash = "sha256:f64b13d37a5a4254b38370c9396196918e4463c1a9578b4b11480d4f12461090"},
    {file = "qdldl-0.1.7.post5-cp38-cp38-manylinux_2_17_x86_64.manylinux2014_x86_64.whl", hash = "sha256:63543e19350160d2a5f5789026678646c3290c55cd9fde0978ee7afba905b3a1"},
    {file = "qdldl-0.1.7.post5-cp38-cp38-win_amd64.whl", hash = "sha256:9719a2baea306fe53ae53a7bbf556a4f042c7d9a218240f2410368071a3fe8f7"},
    {file = "qdldl-0.1.7.post5-cp39-cp39-macosx_10_9_x86_64.whl", hash = "sha256:86e89019cf035d9c3bbd03391c59be2efd9553fcde72c8326a1d6ffa8987a5c4"},
    {file = "qdldl-0.1.7.post5-cp39-cp39-macosx_11_0_arm64.whl", hash = "sha256:6eb7368d8b82f11344e89032a29d57c2f83a4acd39e1e529a777cf1a7c15bcba"},
    {file = "qdldl-0.1.7.post5-cp39-cp39-manylinux_2_17_aarch64.manylinux2014_aarch64.whl", hash = "sha256:1d778ce1a96e0705a2d89c69b619abdb2dfdd156157ddb4191b3086eab8f95ab"},
    {file = "qdldl-0.1.7.post5-cp39-cp39-manylinux_2_17_x86_64.manylinux2014_x86_64.whl", hash = "sha256:aea639a5a2f85cd102710c65a709270d5293f0695a75d9656f1c175750afb065"},
    {file = "qdldl-0.1.7.post5-cp39-cp39-win_amd64.whl", hash = "sha256:eac992a8f4287328078b6ed0f5022bf68e43d5fce3e9d067765b40c95ed45f51"},
    {file = "qdldl-0.1.7.post5.tar.gz", hash = "sha256:0b1399e1c49b5bed5aac8fd63ef08ab708d340c37fb426fe00128bc1f36b286e"},
]

[package.dependencies]
numpy = ">=1.7"
scipy = ">=0.13.2"

[[package]]
name = "scipy"
version = "1.15.0"
description = "Fundamental algorithms for scientific computing in Python"
optional = false
python-versions = ">=3.10"
files = [
    {file = "scipy-1.15.0-cp310-cp310-macosx_10_13_x86_64.whl", hash = "sha256:aeac60d3562a7bf2f35549bdfdb6b1751c50590f55ce7322b4b2fc821dc27fca"},
    {file = "scipy-1.15.0-cp310-cp310-macosx_12_0_arm64.whl", hash = "sha256:5abbdc6ede5c5fed7910cf406a948e2c0869231c0db091593a6b2fa78be77e5d"},
    {file = "scipy-1.15.0-cp310-cp310-macosx_14_0_arm64.whl", hash = "sha256:eb1533c59f0ec6c55871206f15a5c72d1fae7ad3c0a8ca33ca88f7c309bbbf8c"},
    {file = "scipy-1.15.0-cp310-cp310-macosx_14_0_x86_64.whl", hash = "sha256:de112c2dae53107cfeaf65101419662ac0a54e9a088c17958b51c95dac5de56d"},
    {file = "scipy-1.15.0-cp310-cp310-manylinux_2_17_aarch64.manylinux2014_aarch64.whl", hash = "sha256:2240e1fd0782e62e1aacdc7234212ee271d810f67e9cd3b8d521003a82603ef8"},
    {file = "scipy-1.15.0-cp310-cp310-manylinux_2_17_x86_64.manylinux2014_x86_64.whl", hash = "sha256:d35aef233b098e4de88b1eac29f0df378278e7e250a915766786b773309137c4"},
    {file = "scipy-1.15.0-cp310-cp310-musllinux_1_2_x86_64.whl", hash = "sha256:1b29e4fc02e155a5fd1165f1e6a73edfdd110470736b0f48bcbe48083f0eee37"},
    {file = "scipy-1.15.0-cp310-cp310-win_amd64.whl", hash = "sha256:0e5b34f8894f9904cc578008d1a9467829c1817e9f9cb45e6d6eeb61d2ab7731"},
    {file = "scipy-1.15.0-cp311-cp311-macosx_10_13_x86_64.whl", hash = "sha256:46e91b5b16909ff79224b56e19cbad65ca500b3afda69225820aa3afbf9ec020"},
    {file = "scipy-1.15.0-cp311-cp311-macosx_12_0_arm64.whl", hash = "sha256:82bff2eb01ccf7cea8b6ee5274c2dbeadfdac97919da308ee6d8e5bcbe846443"},
    {file = "scipy-1.15.0-cp311-cp311-macosx_14_0_arm64.whl", hash = "sha256:9c8254fe21dd2c6c8f7757035ec0c31daecf3bb3cffd93bc1ca661b731d28136"},
    {file = "scipy-1.15.0-cp311-cp311-macosx_14_0_x86_64.whl", hash = "sha256:c9624eeae79b18cab1a31944b5ef87aa14b125d6ab69b71db22f0dbd962caf1e"},
    {file = "scipy-1.15.0-cp311-cp311-manylinux_2_17_aarch64.manylinux2014_aarch64.whl", hash = "sha256:d13bbc0658c11f3d19df4138336e4bce2c4fbd78c2755be4bf7b8e235481557f"},
    {file = "scipy-1.15.0-cp311-cp311-manylinux_2_17_x86_64.manylinux2014_x86_64.whl", hash = "sha256:bdca4c7bb8dc41307e5f39e9e5d19c707d8e20a29845e7533b3bb20a9d4ccba0"},
    {file = "scipy-1.15.0-cp311-cp311-musllinux_1_2_x86_64.whl", hash = "sha256:6f376d7c767731477bac25a85d0118efdc94a572c6b60decb1ee48bf2391a73b"},
    {file = "scipy-1.15.0-cp311-cp311-win_amd64.whl", hash = "sha256:61513b989ee8d5218fbeb178b2d51534ecaddba050db949ae99eeb3d12f6825d"},
    {file = "scipy-1.15.0-cp312-cp312-macosx_10_13_x86_64.whl", hash = "sha256:5beb0a2200372b7416ec73fdae94fe81a6e85e44eb49c35a11ac356d2b8eccc6"},
    {file = "scipy-1.15.0-cp312-cp312-macosx_12_0_arm64.whl", hash = "sha256:fde0f3104dfa1dfbc1f230f65506532d0558d43188789eaf68f97e106249a913"},
    {file = "scipy-1.15.0-cp312-cp312-macosx_14_0_arm64.whl", hash = "sha256:35c68f7044b4e7ad73a3e68e513dda946989e523df9b062bd3cf401a1a882192"},
    {file = "scipy-1.15.0-cp312-cp312-macosx_14_0_x86_64.whl", hash = "sha256:52475011be29dfcbecc3dfe3060e471ac5155d72e9233e8d5616b84e2b542054"},
    {file = "scipy-1.15.0-cp312-cp312-manylinux_2_17_aarch64.manylinux2014_aarch64.whl", hash = "sha256:5972e3f96f7dda4fd3bb85906a17338e65eaddfe47f750e240f22b331c08858e"},
    {file = "scipy-1.15.0-cp312-cp312-manylinux_2_17_x86_64.manylinux2014_x86_64.whl", hash = "sha256:fe00169cf875bed0b3c40e4da45b57037dc21d7c7bf0c85ed75f210c281488f1"},
    {file = "scipy-1.15.0-cp312-cp312-musllinux_1_2_x86_64.whl", hash = "sha256:161f80a98047c219c257bf5ce1777c574bde36b9d962a46b20d0d7e531f86863"},
    {file = "scipy-1.15.0-cp312-cp312-win_amd64.whl", hash = "sha256:327163ad73e54541a675240708244644294cb0a65cca420c9c79baeb9648e479"},
    {file = "scipy-1.15.0-cp313-cp313-macosx_10_13_x86_64.whl", hash = "sha256:0fcb16eb04d84670722ce8d93b05257df471704c913cb0ff9dc5a1c31d1e9422"},
    {file = "scipy-1.15.0-cp313-cp313-macosx_12_0_arm64.whl", hash = "sha256:767e8cf6562931f8312f4faa7ddea412cb783d8df49e62c44d00d89f41f9bbe8"},
    {file = "scipy-1.15.0-cp313-cp313-macosx_14_0_arm64.whl", hash = "sha256:37ce9394cdcd7c5f437583fc6ef91bd290014993900643fdfc7af9b052d1613b"},
    {file = "scipy-1.15.0-cp313-cp313-macosx_14_0_x86_64.whl", hash = "sha256:6d26f17c64abd6c6c2dfb39920f61518cc9e213d034b45b2380e32ba78fde4c0"},
    {file = "scipy-1.15.0-cp313-cp313-manylinux_2_17_aarch64.manylinux2014_aarch64.whl", hash = "sha256:1e2448acd79c6374583581a1ded32ac71a00c2b9c62dfa87a40e1dd2520be111"},
    {file = "scipy-1.15.0-cp313-cp313-manylinux_2_17_x86_64.manylinux2014_x86_64.whl", hash = "sha256:36be480e512d38db67f377add5b759fb117edd987f4791cdf58e59b26962bee4"},
    {file = "scipy-1.15.0-cp313-cp313-musllinux_1_2_x86_64.whl", hash = "sha256:ccb6248a9987193fe74363a2d73b93bc2c546e0728bd786050b7aef6e17db03c"},
    {file = "scipy-1.15.0-cp313-cp313-win_amd64.whl", hash = "sha256:952d2e9eaa787f0a9e95b6e85da3654791b57a156c3e6609e65cc5176ccfe6f2"},
    {file = "scipy-1.15.0-cp313-cp313t-macosx_10_13_x86_64.whl", hash = "sha256:b1432102254b6dc7766d081fa92df87832ac25ff0b3d3a940f37276e63eb74ff"},
    {file = "scipy-1.15.0-cp313-cp313t-macosx_12_0_arm64.whl", hash = "sha256:4e08c6a36f46abaedf765dd2dfcd3698fa4bd7e311a9abb2d80e33d9b2d72c34"},
    {file = "scipy-1.15.0-cp313-cp313t-macosx_14_0_arm64.whl", hash = "sha256:ec915cd26d76f6fc7ae8522f74f5b2accf39546f341c771bb2297f3871934a52"},
    {file = "scipy-1.15.0-cp313-cp313t-macosx_14_0_x86_64.whl", hash = "sha256:351899dd2a801edd3691622172bc8ea01064b1cada794f8641b89a7dc5418db6"},
    {file = "scipy-1.15.0-cp313-cp313t-manylinux_2_17_x86_64.manylinux2014_x86_64.whl", hash = "sha256:e9baff912ea4f78a543d183ed6f5b3bea9784509b948227daaf6f10727a0e2e5"},
    {file = "scipy-1.15.0-cp313-cp313t-musllinux_1_2_x86_64.whl", hash = "sha256:cd9d9198a7fd9a77f0eb5105ea9734df26f41faeb2a88a0e62e5245506f7b6df"},
    {file = "scipy-1.15.0-cp313-cp313t-win_amd64.whl", hash = "sha256:129f899ed275c0515d553b8d31696924e2ca87d1972421e46c376b9eb87de3d2"},
    {file = "scipy-1.15.0.tar.gz", hash = "sha256:300742e2cc94e36a2880ebe464a1c8b4352a7b0f3e36ec3d2ac006cdbe0219ac"},
]

[package.dependencies]
numpy = ">=1.23.5,<2.5"

[package.extras]
dev = ["cython-lint (>=0.12.2)", "doit (>=0.36.0)", "mypy (==1.10.0)", "pycodestyle", "pydevtool", "rich-click", "ruff (>=0.0.292)", "types-psutil", "typing_extensions"]
doc = ["intersphinx_registry", "jupyterlite-pyodide-kernel", "jupyterlite-sphinx (>=0.16.5)", "jupytext", "matplotlib (>=3.5)", "myst-nb", "numpydoc", "pooch", "pydata-sphinx-theme (>=0.15.2)", "sphinx (>=5.0.0,<8.0.0)", "sphinx-copybutton", "sphinx-design (>=0.4.0)"]
test = ["Cython", "array-api-strict (>=2.0,<2.1.1)", "asv", "gmpy2", "hypothesis (>=6.30)", "meson", "mpmath", "ninja", "pooch", "pytest", "pytest-cov", "pytest-timeout", "pytest-xdist", "scikit-umfpack", "threadpoolctl"]

[[package]]
name = "scs"
version = "3.2.7"
description = "Splitting conic solver"
optional = false
python-versions = ">=3.7"
files = [
    {file = "scs-3.2.7-cp310-cp310-macosx_10_9_x86_64.whl", hash = "sha256:6fbbb9b35297f7accf00a7f8cf9d6c642ed1ef31a9817f295927629c1fd0754c"},
    {file = "scs-3.2.7-cp310-cp310-macosx_11_0_arm64.whl", hash = "sha256:fd4266c0ce811dc45a4644b3c9647bab61e9d7b7d811762c483b9c745e6a50a1"},
    {file = "scs-3.2.7-cp310-cp310-manylinux_2_17_x86_64.manylinux2014_x86_64.whl", hash = "sha256:e4be0754d48ec435a5685cd934a1d375bdf9775614789694a4ec397220d36e33"},
    {file = "scs-3.2.7-cp310-cp310-win_amd64.whl", hash = "sha256:867b0c65da57f89d2cc54143ae108eba24b888999dbcb6d30ddb4d31a4dbf01a"},
    {file = "scs-3.2.7-cp311-cp311-macosx_10_9_x86_64.whl", hash = "sha256:4734bebd2a41275c3dc1fa7f36c0fb83a08b2abeb0d259317c3721beb5dca010"},
    {file = "scs-3.2.7-cp311-cp311-macosx_11_0_arm64.whl", hash = "sha256:c01dcbeba8bb18c6b2d5460da69293af243ad6808b14a06a5f80bb9fa59674c0"},
    {file = "scs-3.2.7-cp311-cp311-manylinux_2_17_x86_64.manylinux2014_x86_64.whl", hash = "sha256:51e23c0ffa23a0f21e493f87ca569575af56a34655fde9b4fba28781f6b0061e"},
    {file = "scs-3.2.7-cp311-cp311-win_amd64.whl", hash = "sha256:257274213acd76c66f53c42da7e22b8d4478f6d963d8a4ef6d0b6b8293b97278"},
    {file = "scs-3.2.7-cp312-cp312-macosx_10_9_x86_64.whl", hash = "sha256:ae5f0b85c5970d5024343a8ade77a0b1d05e5b36aa2069067971ae6adcaa51e7"},
    {file = "scs-3.2.7-cp312-cp312-macosx_11_0_arm64.whl", hash = "sha256:ab0678e6a678929fabc1f18c34ff9a2ad888d8e2f73a1a350770ecb62fb35724"},
    {file = "scs-3.2.7-cp312-cp312-manylinux_2_17_x86_64.manylinux2014_x86_64.whl", hash = "sha256:9d91ab6d26b6aaf14905c1295c331cef2ed956a16b92228de2fa58723729f6d7"},
    {file = "scs-3.2.7-cp312-cp312-win_amd64.whl", hash = "sha256:ab42697c7b8deeb2bb800b4d7ff6ab6c313d2f235f0d031f85a38f986a29006e"},
    {file = "scs-3.2.7-cp38-cp38-macosx_10_9_x86_64.whl", hash = "sha256:5f614e6712de99164d03c59f5d63fbd8a2bc3812ca80702a53427d28b6d3c95f"},
    {file = "scs-3.2.7-cp38-cp38-macosx_11_0_arm64.whl", hash = "sha256:bbe3bfc15cb24f49694621e565c3b292652f51950ad9761c64610106dc7de7c5"},
    {file = "scs-3.2.7-cp38-cp38-macosx_13_0_x86_64.whl", hash = "sha256:2f4cad93b2daeede46f60a417a155b15dcd93576ce12a2e9ac36256835d269ae"},
    {file = "scs-3.2.7-cp38-cp38-macosx_14_0_arm64.whl", hash = "sha256:59bc90ed8405c7fb1695ed9199560799dd83e4484697b627d85176c0d4d9f040"},
    {file = "scs-3.2.7-cp38-cp38-manylinux_2_17_x86_64.manylinux2014_x86_64.whl", hash = "sha256:8fcef57ab8025ca07b6a6fd27ae1f01ebbde07ef10e29b100ab8dc0b3b177ad1"},
    {file = "scs-3.2.7-cp38-cp38-win_amd64.whl", hash = "sha256:33d2fe12c89b2f6fa520ea6f5e7ba43b0414001a9b6fe466121168ad2e0ed8f1"},
    {file = "scs-3.2.7-cp39-cp39-macosx_10_9_x86_64.whl", hash = "sha256:e294c89af85a508fc284191ceabbe8526838edd8084e35a4d323aeb604317e53"},
    {file = "scs-3.2.7-cp39-cp39-macosx_11_0_arm64.whl", hash = "sha256:92390a829c9152c890df022df056de68ab74d08aee45323f91b0eca7cf29c915"},
    {file = "scs-3.2.7-cp39-cp39-manylinux_2_17_x86_64.manylinux2014_x86_64.whl", hash = "sha256:f9a45baf1f15c443b7fcacc49df395936add43487ea5ded6a2223aa7d72638f3"},
    {file = "scs-3.2.7-cp39-cp39-win_amd64.whl", hash = "sha256:cb210a67f4e4f7089a5e6c3b19b8354124975f3e598f73e9af90648f696fbeef"},
    {file = "scs-3.2.7.tar.gz", hash = "sha256:e89d81752ef241d7e408f21d0b69cde9bb6ce196241482e17f763cba5a7d9497"},
]

[package.dependencies]
numpy = "*"
scipy = "*"

[metadata]
lock-version = "2.0"
python-versions = "^3.10"
content-hash = "a166d079577f10213945fb24057f2a21368c107375bf8d697427edd8308965e3"
